
Microsoft Visual Studio Solution File, Format Version 12.00
# Visual Studio Version 17
VisualStudioVersion = 17.0.32112.339
MinimumVisualStudioVersion = 10.0.40219.1
Project("{9A19103F-16F7-4668-BE54-9A1E7A4F7556}") = "Ghostscript.NET", "Ghostscript.NET\Ghostscript.NET.csproj", "{8BDBDEEC-CAB1-4C0B-86C2-7B0D0D3FE363}"
EndProject
Project("{9A19103F-16F7-4668-BE54-9A1E7A4F7556}") = "Ghostscript.NET.Samples", "Ghostscript.NET.Samples\Ghostscript.NET.Samples.csproj", "{4C7B5A1E-2172-48A8-8139-5CB7A3D6065F}"
EndProject
Project("{9A19103F-16F7-4668-BE54-9A1E7A4F7556}") = "Ghostscript.NET.DisplayTest", "Ghostscript.NET.DisplayTest\Ghostscript.NET.DisplayTest.csproj", "{3509F0F7-A7AD-4FEE-B388-AA817F3413E9}"
EndProject
Project("{9A19103F-16F7-4668-BE54-9A1E7A4F7556}") = "Ghostscript.NET.Viewer", "Ghostscript.NET.Viewer\Ghostscript.NET.Viewer.csproj", "{C099EB3A-B4D7-4379-AFAB-4FCD4DF4F003}"
EndProject
Project("{2150E333-8FDC-42A3-9474-1A3956D46DE8}") = "root", "root", "{3AA07E8A-8E52-4E60-A6BB-A5991B5F829F}"
	ProjectSection(SolutionItems) = preProject
		COPYING = COPYING
		README.md = README.md
		VERSION-HISTORY = VERSION-HISTORY
	EndProjectSection
EndProject
Global
	GlobalSection(SolutionConfigurationPlatforms) = preSolution
		Debug|Any CPU = Debug|Any CPU
		Release|Any CPU = Release|Any CPU
	EndGlobalSection
	GlobalSection(ProjectConfigurationPlatforms) = postSolution
		{8BDBDEEC-CAB1-4C0B-86C2-7B0D0D3FE363}.Debug|Any CPU.ActiveCfg = Debug|Any CPU
		{8BDBDEEC-CAB1-4C0B-86C2-7B0D0D3FE363}.Debug|Any CPU.Build.0 = Debug|Any CPU
		{8BDBDEEC-CAB1-4C0B-86C2-7B0D0D3FE363}.Release|Any CPU.ActiveCfg = Release|Any CPU
		{8BDBDEEC-CAB1-4C0B-86C2-7B0D0D3FE363}.Release|Any CPU.Build.0 = Release|Any CPU
		{4C7B5A1E-2172-48A8-8139-5CB7A3D6065F}.Debug|Any CPU.ActiveCfg = Debug|Any CPU
		{4C7B5A1E-2172-48A8-8139-5CB7A3D6065F}.Debug|Any CPU.Build.0 = Debug|Any CPU
		{4C7B5A1E-2172-48A8-8139-5CB7A3D6065F}.Release|Any CPU.ActiveCfg = Release|Any CPU
		{4C7B5A1E-2172-48A8-8139-5CB7A3D6065F}.Release|Any CPU.Build.0 = Release|Any CPU
		{3509F0F7-A7AD-4FEE-B388-AA817F3413E9}.Debug|Any CPU.ActiveCfg = Debug|Any CPU
		{3509F0F7-A7AD-4FEE-B388-AA817F3413E9}.Debug|Any CPU.Build.0 = Debug|Any CPU
		{3509F0F7-A7AD-4FEE-B388-AA817F3413E9}.Release|Any CPU.ActiveCfg = Release|Any CPU
		{3509F0F7-A7AD-4FEE-B388-AA817F3413E9}.Release|Any CPU.Build.0 = Release|Any CPU
		{C099EB3A-B4D7-4379-AFAB-4FCD4DF4F003}.Debug|Any CPU.ActiveCfg = Debug|Any CPU
		{C099EB3A-B4D7-4379-AFAB-4FCD4DF4F003}.Debug|Any CPU.Build.0 = Debug|Any CPU
		{C099EB3A-B4D7-4379-AFAB-4FCD4DF4F003}.Release|Any CPU.ActiveCfg = Release|Any CPU
		{C099EB3A-B4D7-4379-AFAB-4FCD4DF4F003}.Release|Any CPU.Build.0 = Release|Any CPU
	EndGlobalSection
	GlobalSection(SolutionProperties) = preSolution
		HideSolutionNode = FALSE
	EndGlobalSection
	GlobalSection(ExtensibilityGlobals) = postSolution
		SolutionGuid = {63995AC4-1206-4B77-B55D-A7BD6BFA8B55}
	EndGlobalSection
EndGlobal
