
Microsoft Visual Studio Solution File, Format Version 12.00
# Visual Studio Version 17
VisualStudioVersion = 17.10.34928.147
MinimumVisualStudioVersion = 10.0.40219.1
Project("{9A19103F-16F7-4668-BE54-9A1E7A4F7556}") = "Ghostscript.NET", "Ghostscript.NET\Ghostscript.NET.csproj", "{C3553CA6-33AF-4137-A5C2-73D57A8DAF43}"
EndProject
Project("{9A19103F-16F7-4668-BE54-9A1E7A4F7556}") = "Ghostscript.NET.DisplayTest", "Ghostscript.NET.DisplayTest\Ghostscript.NET.DisplayTest.csproj", "{FDB623A5-8362-47BA-9145-781B574962DA}"
EndProject
Project("{9A19103F-16F7-4668-BE54-9A1E7A4F7556}") = "Ghostscript.NET.Samples", "Ghostscript.NET.Samples\Ghostscript.NET.Samples.csproj", "{749F1BE2-A1BE-4C89-B94B-A2F1E38E03EB}"
EndProject
Project("{9A19103F-16F7-4668-BE54-9A1E7A4F7556}") = "Ghostscript.NET.Viewer", "Ghostscript.NET.Viewer\Ghostscript.NET.Viewer.csproj", "{194189A8-3558-4D92-9573-01BCAF85912F}"
EndProject
Global
	GlobalSection(SolutionConfigurationPlatforms) = preSolution
		Debug|Any CPU = Debug|Any CPU
		Release|Any CPU = Release|Any CPU
	EndGlobalSection
	GlobalSection(ProjectConfigurationPlatforms) = postSolution
		{C3553CA6-33AF-4137-A5C2-73D57A8DAF43}.Debug|Any CPU.ActiveCfg = Debug|Any CPU
		{C3553CA6-33AF-4137-A5C2-73D57A8DAF43}.Debug|Any CPU.Build.0 = Debug|Any CPU
		{C3553CA6-33AF-4137-A5C2-73D57A8DAF43}.Release|Any CPU.ActiveCfg = Release|Any CPU
		{C3553CA6-33AF-4137-A5C2-73D57A8DAF43}.Release|Any CPU.Build.0 = Release|Any CPU
		{FDB623A5-8362-47BA-9145-781B574962DA}.Debug|Any CPU.ActiveCfg = Debug|Any CPU
		{FDB623A5-8362-47BA-9145-781B574962DA}.Debug|Any CPU.Build.0 = Debug|Any CPU
		{FDB623A5-8362-47BA-9145-781B574962DA}.Release|Any CPU.ActiveCfg = Release|Any CPU
		{FDB623A5-8362-47BA-9145-781B574962DA}.Release|Any CPU.Build.0 = Release|Any CPU
		{749F1BE2-A1BE-4C89-B94B-A2F1E38E03EB}.Debug|Any CPU.ActiveCfg = Debug|Any CPU
		{749F1BE2-A1BE-4C89-B94B-A2F1E38E03EB}.Debug|Any CPU.Build.0 = Debug|Any CPU
		{749F1BE2-A1BE-4C89-B94B-A2F1E38E03EB}.Release|Any CPU.ActiveCfg = Release|Any CPU
		{749F1BE2-A1BE-4C89-B94B-A2F1E38E03EB}.Release|Any CPU.Build.0 = Release|Any CPU
		{194189A8-3558-4D92-9573-01BCAF85912F}.Debug|Any CPU.ActiveCfg = Debug|Any CPU
		{194189A8-3558-4D92-9573-01BCAF85912F}.Debug|Any CPU.Build.0 = Debug|Any CPU
		{194189A8-3558-4D92-9573-01BCAF85912F}.Release|Any CPU.ActiveCfg = Release|Any CPU
		{194189A8-3558-4D92-9573-01BCAF85912F}.Release|Any CPU.Build.0 = Release|Any CPU
	EndGlobalSection
	GlobalSection(SolutionProperties) = preSolution
		HideSolutionNode = FALSE
	EndGlobalSection
	GlobalSection(ExtensibilityGlobals) = postSolution
		SolutionGuid = {51B9DE2F-D521-41F2-9AC0-DB8F8587A599}
	EndGlobalSection
EndGlobal
